// !$*UTF8*$!
{
	archiveVersion = 1;
	classes = {
	};
	objectVersion = 46;
	objects = {

/* Begin PBXBuildFile section */
		29D701A619E67F1300649898 /* main.cpp in Sources */ = {isa = PBXBuildFile; fileRef = 29D701A519E67F1300649898 /* main.cpp */; };
		29D701A819E67F1300649898 /* LocalLibrary.cpp in Sources */ = {isa = PBXBuildFile; fileRef = 29D701A719E67F1300649898 /* LocalLibrary.cpp */; };
		29D701AB19E67F1300649898 /* Makefile in Sources */ = {isa = PBXBuildFile; fileRef = 29D701AA19E67F1300649898 /* Makefile */; };
/* End PBXBuildFile section */

/* Begin PBXFileReference section */
		29D701A219E67F1300649898 /* Index */ = {isa = PBXFileReference; explicitFileType = "compiled.mach-o.executable"; includeInIndex = 0; path = Index; sourceTree = BUILT_PRODUCTS_DIR; };
		29D701A519E67F1300649898 /* main.cpp */ = {isa = PBXFileReference; lastKnownFileType = sourcecode.cpp.cpp; path = main.cpp; sourceTree = "<group>"; };
		29D701A719E67F1300649898 /* LocalLibrary.cpp */ = {isa = PBXFileReference; lastKnownFileType = sourcecode.cpp.cpp; path = LocalLibrary.cpp; sourceTree = "<group>"; };
		29D701A919E67F1300649898 /* LocalLibrary.h */ = {isa = PBXFileReference; lastKnownFileType = sourcecode.c.h; path = LocalLibrary.h; sourceTree = "<group>"; };
		29D701AA19E67F1300649898 /* Makefile */ = {isa = PBXFileReference; lastKnownFileType = sourcecode.make; path = Makefile; sourceTree = "<group>"; };
		29D701AD19E67F1300649898 /* Sketchbook.txt */ = {isa = PBXFileReference; lastKnownFileType = text; name = Sketchbook.txt; path = Sketchbook/Sketchbook.txt; sourceTree = "<group>"; };
		29D701AF19E67F1300649898 /* 4D Systems PICadillo 35T.xcconfig */ = {isa = PBXFileReference; lastKnownFileType = text.xcconfig; name = "4D Systems PICadillo 35T.xcconfig"; path = "Configurations/4D Systems PICadillo 35T.xcconfig"; sourceTree = "<group>"; };
		29D701B019E67F1300649898 /* Arduino Due.xcconfig */ = {isa = PBXFileReference; lastKnownFileType = text.xcconfig; name = "Arduino Due.xcconfig"; path = "Configurations/Arduino Due.xcconfig"; sourceTree = "<group>"; };
		29D701B119E67F1300649898 /* Arduino Duemilanove.xcconfig */ = {isa = PBXFileReference; lastKnownFileType = text.xcconfig; name = "Arduino Duemilanove.xcconfig"; path = "Configurations/Arduino Duemilanove.xcconfig"; sourceTree = "<group>"; };
		29D701B219E67F1300649898 /* Arduino Leonardo.xcconfig */ = {isa = PBXFileReference; lastKnownFileType = text.xcconfig; name = "Arduino Leonardo.xcconfig"; path = "Configurations/Arduino Leonardo.xcconfig"; sourceTree = "<group>"; };
		29D701B319E67F1300649898 /* Arduino Mega 2560.xcconfig */ = {isa = PBXFileReference; lastKnownFileType = text.xcconfig; name = "Arduino Mega 2560.xcconfig"; path = "Configurations/Arduino Mega 2560.xcconfig"; sourceTree = "<group>"; };
		29D701B419E67F1300649898 /* Arduino Micro.xcconfig */ = {isa = PBXFileReference; lastKnownFileType = text.xcconfig; name = "Arduino Micro.xcconfig"; path = "Configurations/Arduino Micro.xcconfig"; sourceTree = "<group>"; };
		29D701B519E67F1300649898 /* Arduino Pro with ATmega328-3.3V.xcconfig */ = {isa = PBXFileReference; lastKnownFileType = text.xcconfig; name = "Arduino Pro with ATmega328-3.3V.xcconfig"; path = "Configurations/Arduino Pro with ATmega328-3.3V.xcconfig"; sourceTree = "<group>"; };
		29D701B619E67F1300649898 /* Arduino Pro with ATmega328-5V.xcconfig */ = {isa = PBXFileReference; lastKnownFileType = text.xcconfig; name = "Arduino Pro with ATmega328-5V.xcconfig"; path = "Configurations/Arduino Pro with ATmega328-5V.xcconfig"; sourceTree = "<group>"; };
		29D701B719E67F1300649898 /* Arduino Mini with ATmega168.xcconfig */ = {isa = PBXFileReference; lastKnownFileType = text.xcconfig; name = "Arduino Mini with ATmega168.xcconfig"; path = "Configurations/Arduino Mini with ATmega168.xcconfig"; sourceTree = "<group>"; };
		29D701B819E67F1300649898 /* Arduino Mini with ATmega328.xcconfig */ = {isa = PBXFileReference; lastKnownFileType = text.xcconfig; name = "Arduino Mini with ATmega328.xcconfig"; path = "Configurations/Arduino Mini with ATmega328.xcconfig"; sourceTree = "<group>"; };
		29D701B919E67F1300649898 /* Arduino Nano with ATmega168.xcconfig */ = {isa = PBXFileReference; lastKnownFileType = text.xcconfig; name = "Arduino Nano with ATmega168.xcconfig"; path = "Configurations/Arduino Nano with ATmega168.xcconfig"; sourceTree = "<group>"; };
		29D701BA19E67F1300649898 /* Arduino Nano with ATmega328.xcconfig */ = {isa = PBXFileReference; lastKnownFileType = text.xcconfig; name = "Arduino Nano with ATmega328.xcconfig"; path = "Configurations/Arduino Nano with ATmega328.xcconfig"; sourceTree = "<group>"; };
		29D701BB19E67F1300649898 /* Arduino Robot Control.xcconfig */ = {isa = PBXFileReference; lastKnownFileType = text.xcconfig; name = "Arduino Robot Control.xcconfig"; path = "Configurations/Arduino Robot Control.xcconfig"; sourceTree = "<group>"; };
		29D701BC19E67F1300649898 /* Arduino Robot Motor.xcconfig */ = {isa = PBXFileReference; lastKnownFileType = text.xcconfig; name = "Arduino Robot Motor.xcconfig"; path = "Configurations/Arduino Robot Motor.xcconfig"; sourceTree = "<group>"; };
		29D701BD19E67F1300649898 /* Arduino Uno.xcconfig */ = {isa = PBXFileReference; lastKnownFileType = text.xcconfig; name = "Arduino Uno.xcconfig"; path = "Configurations/Arduino Uno.xcconfig"; sourceTree = "<group>"; };
		29D701BE19E67F1300649898 /* Arduino Yun.xcconfig */ = {isa = PBXFileReference; lastKnownFileType = text.xcconfig; name = "Arduino Yun.xcconfig"; path = "Configurations/Arduino Yun.xcconfig"; sourceTree = "<group>"; };
		29D701BF19E67F1300649898 /* chipKIT Uno32.xcconfig */ = {isa = PBXFileReference; lastKnownFileType = text.xcconfig; name = "chipKIT Uno32.xcconfig"; path = "Configurations/chipKIT Uno32.xcconfig"; sourceTree = "<group>"; };
		29D701C019E67F1300649898 /* chipKIT Max32.xcconfig */ = {isa = PBXFileReference; lastKnownFileType = text.xcconfig; name = "chipKIT Max32.xcconfig"; path = "Configurations/chipKIT Max32.xcconfig"; sourceTree = "<group>"; };
		29D701C119E67F1300649898 /* chipKIT uC32.xcconfig */ = {isa = PBXFileReference; lastKnownFileType = text.xcconfig; name = "chipKIT uC32.xcconfig"; path = "Configurations/chipKIT uC32.xcconfig"; sourceTree = "<group>"; };
		29D701C219E67F1300649898 /* DFRobot BLuno.xcconfig */ = {isa = PBXFileReference; lastKnownFileType = text.xcconfig; name = "DFRobot BLuno.xcconfig"; path = "Configurations/DFRobot BLuno.xcconfig"; sourceTree = "<group>"; };
		29D701C319E67F1300649898 /* Digispark Tiny Core.xcconfig */ = {isa = PBXFileReference; lastKnownFileType = text.xcconfig; name = "Digispark Tiny Core.xcconfig"; path = "Configurations/Digispark Tiny Core.xcconfig"; sourceTree = "<group>"; };
		29D701C419E67F1300649898 /* Experimeter Board with MSP430FR5739.xcconfig */ = {isa = PBXFileReference; lastKnownFileType = text.xcconfig; name = "Experimeter Board with MSP430FR5739.xcconfig"; path = "Configurations/Experimeter Board with MSP430FR5739.xcconfig"; sourceTree = "<group>"; };
		29D701C519E67F1300649898 /* Intel Galileo.xcconfig */ = {isa = PBXFileReference; lastKnownFileType = text.xcconfig; name = "Intel Galileo.xcconfig"; path = "Configurations/Intel Galileo.xcconfig"; sourceTree = "<group>"; };
		29D701C619E67F1300649898 /* Intel Galileo Gen2.xcconfig */ = {isa = PBXFileReference; lastKnownFileType = text.xcconfig; name = "Intel Galileo Gen2.xcconfig"; path = "Configurations/Intel Galileo Gen2.xcconfig"; sourceTree = "<group>"; };
		29D701C719E67F1300649898 /* LaunchPad WiFi with CC3200.xcconfig */ = {isa = PBXFileReference; lastKnownFileType = text.xcconfig; name = "LaunchPad WiFi with CC3200.xcconfig"; path = "Configurations/LaunchPad WiFi with CC3200.xcconfig"; sourceTree = "<group>"; };
		29D701C819E67F1300649898 /* LaunchPad Stellaris with LM4F120.xcconfig */ = {isa = PBXFileReference; lastKnownFileType = text.xcconfig; name = "LaunchPad Stellaris with LM4F120.xcconfig"; path = "Configurations/LaunchPad Stellaris with LM4F120.xcconfig"; sourceTree = "<group>"; };
		29D701C919E67F1300649898 /* LaunchPad Tiva C with TM4C123.xcconfig */ = {isa = PBXFileReference; lastKnownFileType = text.xcconfig; name = "LaunchPad Tiva C with TM4C123.xcconfig"; path = "Configurations/LaunchPad Tiva C with TM4C123.xcconfig"; sourceTree = "<group>"; };
		29D701CA19E67F1300649898 /* LaunchPad Tiva C with TM4C129.xcconfig */ = {isa = PBXFileReference; lastKnownFileType = text.xcconfig; name = "LaunchPad Tiva C with TM4C129.xcconfig"; path = "Configurations/LaunchPad Tiva C with TM4C129.xcconfig"; sourceTree = "<group>"; };
		29D701CB19E67F1300649898 /* LaunchPad with MSP430G2553.xcconfig */ = {isa = PBXFileReference; lastKnownFileType = text.xcconfig; name = "LaunchPad with MSP430G2553.xcconfig"; path = "Configurations/LaunchPad with MSP430G2553.xcconfig"; sourceTree = "<group>"; };
		29D701CC19E67F1300649898 /* LaunchPad with MSP430G2231.xcconfig */ = {isa = PBXFileReference; lastKnownFileType = text.xcconfig; name = "LaunchPad with MSP430G2231.xcconfig"; path = "Configurations/LaunchPad with MSP430G2231.xcconfig"; sourceTree = "<group>"; };
		29D701CD19E67F1300649898 /* LaunchPad with MSP430G2452.xcconfig */ = {isa = PBXFileReference; lastKnownFileType = text.xcconfig; name = "LaunchPad with MSP430G2452.xcconfig"; path = "Configurations/LaunchPad with MSP430G2452.xcconfig"; sourceTree = "<group>"; };
		29D701CE19E67F1300649898 /* LaunchPad with MSP430F5529.xcconfig */ = {isa = PBXFileReference; lastKnownFileType = text.xcconfig; name = "LaunchPad with MSP430F5529.xcconfig"; path = "Configurations/LaunchPad with MSP430F5529.xcconfig"; sourceTree = "<group>"; };
		29D701CF19E67F1300649898 /* LaunchPad with MSP430FR5969.xcconfig */ = {isa = PBXFileReference; lastKnownFileType = text.xcconfig; name = "LaunchPad with MSP430FR5969.xcconfig"; path = "Configurations/LaunchPad with MSP430FR5969.xcconfig"; sourceTree = "<group>"; };
		29D701D019E67F1300649898 /* Maple Flash revision 3+.xcconfig */ = {isa = PBXFileReference; lastKnownFileType = text.xcconfig; name = "Maple Flash revision 3+.xcconfig"; path = "Configurations/Maple Flash revision 3+.xcconfig"; sourceTree = "<group>"; };
		29D701D119E67F1300649898 /* Microduino Core with ATmega328-5V.xcconfig */ = {isa = PBXFileReference; lastKnownFileType = text.xcconfig; name = "Microduino Core with ATmega328-5V.xcconfig"; path = "Configurations/Microduino Core with ATmega328-5V.xcconfig"; sourceTree = "<group>"; };
		29D701D219E67F1300649898 /* Microduino Core32u4 with ATmega328U4-5V.xcconfig */ = {isa = PBXFileReference; lastKnownFileType = text.xcconfig; name = "Microduino Core32u4 with ATmega328U4-5V.xcconfig"; path = "Configurations/Microduino Core32u4 with ATmega328U4-5V.xcconfig"; sourceTree = "<group>"; };
		29D701D319E67F1300649898 /* Microduino Core+ with ATmega644-5V.xcconfig */ = {isa = PBXFileReference; lastKnownFileType = text.xcconfig; name = "Microduino Core+ with ATmega644-5V.xcconfig"; path = "Configurations/Microduino Core+ with ATmega644-5V.xcconfig"; sourceTree = "<group>"; };
		29D701D419E67F1300649898 /* Sparkfun Uno.xcconfig */ = {isa = PBXFileReference; lastKnownFileType = text.xcconfig; name = "Sparkfun Uno.xcconfig"; path = "Configurations/Sparkfun Uno.xcconfig"; sourceTree = "<group>"; };
		29D701D519E67F1300649898 /* Teensy 2.0.xcconfig */ = {isa = PBXFileReference; lastKnownFileType = text.xcconfig; name = "Teensy 2.0.xcconfig"; path = "Configurations/Teensy 2.0.xcconfig"; sourceTree = "<group>"; };
		29D701D619E67F1300649898 /* Teensy 3.0.xcconfig */ = {isa = PBXFileReference; lastKnownFileType = text.xcconfig; name = "Teensy 3.0.xcconfig"; path = "Configurations/Teensy 3.0.xcconfig"; sourceTree = "<group>"; };
		29D701D719E67F1300649898 /* Teensy 3.1.xcconfig */ = {isa = PBXFileReference; lastKnownFileType = text.xcconfig; name = "Teensy 3.1.xcconfig"; path = "Configurations/Teensy 3.1.xcconfig"; sourceTree = "<group>"; };
		29D701D819E67F1300649898 /* Wiring S.xcconfig */ = {isa = PBXFileReference; lastKnownFileType = text.xcconfig; name = "Wiring S.xcconfig"; path = "Configurations/Wiring S.xcconfig"; sourceTree = "<group>"; };
		29D701DA19E67F1300649898 /* Arduino.mk */ = {isa = PBXFileReference; lastKnownFileType = text; name = Arduino.mk; path = Makefiles/Arduino.mk; sourceTree = "<group>"; };
		29D701DB19E67F1300649898 /* Arduino1.mk */ = {isa = PBXFileReference; lastKnownFileType = text; name = Arduino1.mk; path = Makefiles/Arduino1.mk; sourceTree = "<group>"; };
		29D701DC19E67F1300649898 /* Arduino15avr.mk */ = {isa = PBXFileReference; lastKnownFileType = text; name = Arduino15avr.mk; path = Makefiles/Arduino15avr.mk; sourceTree = "<group>"; };
		29D701DD19E67F1300649898 /* Arduino15sam.mk */ = {isa = PBXFileReference; lastKnownFileType = text; name = Arduino15sam.mk; path = Makefiles/Arduino15sam.mk; sourceTree = "<group>"; };
		29D701DE19E67F1300649898 /* Arduino23.mk */ = {isa = PBXFileReference; lastKnownFileType = text; name = Arduino23.mk; path = Makefiles/Arduino23.mk; sourceTree = "<group>"; };
		29D701DF19E67F1300649898 /* Digispark.mk */ = {isa = PBXFileReference; lastKnownFileType = text; name = Digispark.mk; path = Makefiles/Digispark.mk; sourceTree = "<group>"; };
		29D701E019E67F1300649898 /* EnergiaMSP430.mk */ = {isa = PBXFileReference; lastKnownFileType = text; name = EnergiaMSP430.mk; path = Makefiles/EnergiaMSP430.mk; sourceTree = "<group>"; };
		29D701E119E67F1300649898 /* EnergiaLM4F.mk */ = {isa = PBXFileReference; lastKnownFileType = text; name = EnergiaLM4F.mk; path = Makefiles/EnergiaLM4F.mk; sourceTree = "<group>"; };
		29D701E219E67F1300649898 /* EnergiaCC3200.mk */ = {isa = PBXFileReference; lastKnownFileType = text; name = EnergiaCC3200.mk; path = Makefiles/EnergiaCC3200.mk; sourceTree = "<group>"; };
		29D701E319E67F1300649898 /* Galileo.mk */ = {isa = PBXFileReference; lastKnownFileType = text; name = Galileo.mk; path = Makefiles/Galileo.mk; sourceTree = "<group>"; };
		29D701E419E67F1300649898 /* MapleIDE.mk */ = {isa = PBXFileReference; lastKnownFileType = text; name = MapleIDE.mk; path = Makefiles/MapleIDE.mk; sourceTree = "<group>"; };
		29D701E519E67F1300649898 /* Microduino.mk */ = {isa = PBXFileReference; lastKnownFileType = text; name = Microduino.mk; path = Makefiles/Microduino.mk; sourceTree = "<group>"; };
		29D701E619E67F1300649898 /* Mpide.mk */ = {isa = PBXFileReference; lastKnownFileType = text; name = Mpide.mk; path = Makefiles/Mpide.mk; sourceTree = "<group>"; };
		29D701E719E67F1300649898 /* Wiring.mk */ = {isa = PBXFileReference; lastKnownFileType = text; name = Wiring.mk; path = Makefiles/Wiring.mk; sourceTree = "<group>"; };
		29D701E819E67F1300649898 /* Step1.mk */ = {isa = PBXFileReference; lastKnownFileType = text; name = Step1.mk; path = Makefiles/Step1.mk; sourceTree = "<group>"; };
		29D701E919E67F1300649898 /* Step2.mk */ = {isa = PBXFileReference; lastKnownFileType = text; name = Step2.mk; path = Makefiles/Step2.mk; sourceTree = "<group>"; };
		29D701EA19E67F1300649898 /* Teensy.mk */ = {isa = PBXFileReference; lastKnownFileType = text; name = Teensy.mk; path = Makefiles/Teensy.mk; sourceTree = "<group>"; };
		29D701EB19E67F1300649898 /* Teensy2.mk */ = {isa = PBXFileReference; lastKnownFileType = text; name = Teensy2.mk; path = Makefiles/Teensy2.mk; sourceTree = "<group>"; };
		29D701EC19E67F1300649898 /* Teensy3.mk */ = {isa = PBXFileReference; lastKnownFileType = text; name = Teensy3.mk; path = Makefiles/Teensy3.mk; sourceTree = "<group>"; };
		29D701ED19E67F1300649898 /* Avrdude.mk */ = {isa = PBXFileReference; lastKnownFileType = text; name = Avrdude.mk; path = Makefiles/Avrdude.mk; sourceTree = "<group>"; };
		29D701EE19E67F1300649898 /* ReadMe.txt */ = {isa = PBXFileReference; lastKnownFileType = text; path = ReadMe.txt; sourceTree = "<group>"; };
		29D701F019E67F1300649898 /* About.txt */ = {isa = PBXFileReference; lastKnownFileType = text; name = About.txt; path = About/About.txt; sourceTree = "<group>"; };
		29D701F219E67F1300649898 /* reset.py */ = {isa = PBXFileReference; lastKnownFileType = text.script.python; name = reset.py; path = Utilities/reset.py; sourceTree = "<group>"; };
		29D701F319E67F1300649898 /* serial1200.py */ = {isa = PBXFileReference; lastKnownFileType = text.script.python; name = serial1200.py; path = Utilities/serial1200.py; sourceTree = "<group>"; };
		29D701F419E67F1300649898 /* embedXcode_prepare */ = {isa = PBXFileReference; lastKnownFileType = "compiled.mach-o.executable"; name = embedXcode_prepare; path = Utilities/embedXcode_prepare; sourceTree = "<group>"; };
		29D701F519E67F1300649898 /* embedXcode_check */ = {isa = PBXFileReference; lastKnownFileType = "compiled.mach-o.executable"; name = embedXcode_check; path = Utilities/embedXcode_check; sourceTree = "<group>"; };
		29D701F619E67F1300649898 /* embedXcode_chrono */ = {isa = PBXFileReference; lastKnownFileType = "compiled.mach-o.executable"; name = embedXcode_chrono; path = Utilities/embedXcode_chrono; sourceTree = "<group>"; };
		29D701F719E67F1300649898 /* TemplateIcon.icns */ = {isa = PBXFileReference; lastKnownFileType = image.icns; name = TemplateIcon.icns; path = Utilities/TemplateIcon.icns; sourceTree = "<group>"; };
		29D701F819E67F1300649898 /* clupload_osx.sh */ = {isa = PBXFileReference; lastKnownFileType = text.script.sh; name = clupload_osx.sh; path = Utilities/clupload_osx.sh; sourceTree = "<group>"; };
		29D701F919E67F1300649898 /* hippiestick.ino */ = {isa = PBXFileReference; lastKnownFileType = text; path = hippiestick.ino; sourceTree = "<group>"; };
/* End PBXFileReference section */

/* Begin PBXGroup section */
		29D7019719E67F1300649898 = {
			isa = PBXGroup;
			children = (
				29D701A419E67F1300649898 /* hippiestick */,
				29D701A319E67F1300649898 /* Products */,
			);
			sourceTree = "<group>";
		};
		29D701A319E67F1300649898 /* Products */ = {
			isa = PBXGroup;
			children = (
				29D701A219E67F1300649898 /* Index */,
			);
			name = Products;
			sourceTree = "<group>";
		};
		29D701A419E67F1300649898 /* hippiestick */ = {
			isa = PBXGroup;
			children = (
				29D701A519E67F1300649898 /* main.cpp */,
				29D701A719E67F1300649898 /* LocalLibrary.cpp */,
				29D701A919E67F1300649898 /* LocalLibrary.h */,
				29D701AA19E67F1300649898 /* Makefile */,
				29D701EE19E67F1300649898 /* ReadMe.txt */,
				29D701F919E67F1300649898 /* hippiestick.ino */,
				29D701AC19E67F1300649898 /* Sketchbook */,
				29D701AE19E67F1300649898 /* Configurations */,
				29D701D919E67F1300649898 /* Makefiles */,
				29D701EF19E67F1300649898 /* About */,
				29D701F119E67F1300649898 /* Utilities */,
			);
			path = hippiestick;
			sourceTree = "<group>";
		};
		29D701AC19E67F1300649898 /* Sketchbook */ = {
			isa = PBXGroup;
			children = (
				29D701AD19E67F1300649898 /* Sketchbook.txt */,
			);
			name = Sketchbook;
			sourceTree = "<group>";
		};
		29D701AE19E67F1300649898 /* Configurations */ = {
			isa = PBXGroup;
			children = (
				29D701AF19E67F1300649898 /* 4D Systems PICadillo 35T.xcconfig */,
				29D701B019E67F1300649898 /* Arduino Due.xcconfig */,
				29D701B119E67F1300649898 /* Arduino Duemilanove.xcconfig */,
				29D701B219E67F1300649898 /* Arduino Leonardo.xcconfig */,
				29D701B319E67F1300649898 /* Arduino Mega 2560.xcconfig */,
				29D701B419E67F1300649898 /* Arduino Micro.xcconfig */,
				29D701B519E67F1300649898 /* Arduino Pro with ATmega328-3.3V.xcconfig */,
				29D701B619E67F1300649898 /* Arduino Pro with ATmega328-5V.xcconfig */,
				29D701B719E67F1300649898 /* Arduino Mini with ATmega168.xcconfig */,
				29D701B819E67F1300649898 /* Arduino Mini with ATmega328.xcconfig */,
				29D701B919E67F1300649898 /* Arduino Nano with ATmega168.xcconfig */,
				29D701BA19E67F1300649898 /* Arduino Nano with ATmega328.xcconfig */,
				29D701BB19E67F1300649898 /* Arduino Robot Control.xcconfig */,
				29D701BC19E67F1300649898 /* Arduino Robot Motor.xcconfig */,
				29D701BD19E67F1300649898 /* Arduino Uno.xcconfig */,
				29D701BE19E67F1300649898 /* Arduino Yun.xcconfig */,
				29D701BF19E67F1300649898 /* chipKIT Uno32.xcconfig */,
				29D701C019E67F1300649898 /* chipKIT Max32.xcconfig */,
				29D701C119E67F1300649898 /* chipKIT uC32.xcconfig */,
				29D701C219E67F1300649898 /* DFRobot BLuno.xcconfig */,
				29D701C319E67F1300649898 /* Digispark Tiny Core.xcconfig */,
				29D701C419E67F1300649898 /* Experimeter Board with MSP430FR5739.xcconfig */,
				29D701C519E67F1300649898 /* Intel Galileo.xcconfig */,
				29D701C619E67F1300649898 /* Intel Galileo Gen2.xcconfig */,
				29D701C719E67F1300649898 /* LaunchPad WiFi with CC3200.xcconfig */,
				29D701C819E67F1300649898 /* LaunchPad Stellaris with LM4F120.xcconfig */,
				29D701C919E67F1300649898 /* LaunchPad Tiva C with TM4C123.xcconfig */,
				29D701CA19E67F1300649898 /* LaunchPad Tiva C with TM4C129.xcconfig */,
				29D701CB19E67F1300649898 /* LaunchPad with MSP430G2553.xcconfig */,
				29D701CC19E67F1300649898 /* LaunchPad with MSP430G2231.xcconfig */,
				29D701CD19E67F1300649898 /* LaunchPad with MSP430G2452.xcconfig */,
				29D701CE19E67F1300649898 /* LaunchPad with MSP430F5529.xcconfig */,
				29D701CF19E67F1300649898 /* LaunchPad with MSP430FR5969.xcconfig */,
				29D701D019E67F1300649898 /* Maple Flash revision 3+.xcconfig */,
				29D701D119E67F1300649898 /* Microduino Core with ATmega328-5V.xcconfig */,
				29D701D219E67F1300649898 /* Microduino Core32u4 with ATmega328U4-5V.xcconfig */,
				29D701D319E67F1300649898 /* Microduino Core+ with ATmega644-5V.xcconfig */,
				29D701D419E67F1300649898 /* Sparkfun Uno.xcconfig */,
				29D701D519E67F1300649898 /* Teensy 2.0.xcconfig */,
				29D701D619E67F1300649898 /* Teensy 3.0.xcconfig */,
				29D701D719E67F1300649898 /* Teensy 3.1.xcconfig */,
				29D701D819E67F1300649898 /* Wiring S.xcconfig */,
			);
			name = Configurations;
			sourceTree = "<group>";
		};
		29D701D919E67F1300649898 /* Makefiles */ = {
			isa = PBXGroup;
			children = (
				29D701DA19E67F1300649898 /* Arduino.mk */,
				29D701DB19E67F1300649898 /* Arduino1.mk */,
				29D701DC19E67F1300649898 /* Arduino15avr.mk */,
				29D701DD19E67F1300649898 /* Arduino15sam.mk */,
				29D701DE19E67F1300649898 /* Arduino23.mk */,
				29D701DF19E67F1300649898 /* Digispark.mk */,
				29D701E019E67F1300649898 /* EnergiaMSP430.mk */,
				29D701E119E67F1300649898 /* EnergiaLM4F.mk */,
				29D701E219E67F1300649898 /* EnergiaCC3200.mk */,
				29D701E319E67F1300649898 /* Galileo.mk */,
				29D701E419E67F1300649898 /* MapleIDE.mk */,
				29D701E519E67F1300649898 /* Microduino.mk */,
				29D701E619E67F1300649898 /* Mpide.mk */,
				29D701E719E67F1300649898 /* Wiring.mk */,
				29D701E819E67F1300649898 /* Step1.mk */,
				29D701E919E67F1300649898 /* Step2.mk */,
				29D701EA19E67F1300649898 /* Teensy.mk */,
				29D701EB19E67F1300649898 /* Teensy2.mk */,
				29D701EC19E67F1300649898 /* Teensy3.mk */,
				29D701ED19E67F1300649898 /* Avrdude.mk */,
			);
			name = Makefiles;
			sourceTree = "<group>";
		};
		29D701EF19E67F1300649898 /* About */ = {
			isa = PBXGroup;
			children = (
				29D701F019E67F1300649898 /* About.txt */,
			);
			name = About;
			sourceTree = "<group>";
		};
		29D701F119E67F1300649898 /* Utilities */ = {
			isa = PBXGroup;
			children = (
				29D701F219E67F1300649898 /* reset.py */,
				29D701F319E67F1300649898 /* serial1200.py */,
				29D701F419E67F1300649898 /* embedXcode_prepare */,
				29D701F519E67F1300649898 /* embedXcode_check */,
				29D701F619E67F1300649898 /* embedXcode_chrono */,
				29D701F719E67F1300649898 /* TemplateIcon.icns */,
				29D701F819E67F1300649898 /* clupload_osx.sh */,
			);
			name = Utilities;
			sourceTree = "<group>";
		};
/* End PBXGroup section */

/* Begin PBXLegacyTarget section */
		29D7019C19E67F1300649898 /* All */ = {
			isa = PBXLegacyTarget;
			buildArgumentsString = "all -C \"$(PROJECT)\"";
			buildConfigurationList = 29D701FC19E67F1300649898 /* Build configuration list for PBXLegacyTarget "All" */;
			buildPhases = (
			);
			buildToolPath = make;
			dependencies = (
			);
			name = All;
			passBuildSettingsInEnvironment = 1;
			productName = All;
		};
		29D7019D19E67F1300649898 /* Build */ = {
			isa = PBXLegacyTarget;
			buildArgumentsString = "build -C \"$(PROJECT)\"";
			buildConfigurationList = 29D701FF19E67F1300649898 /* Build configuration list for PBXLegacyTarget "Build" */;
			buildPhases = (
			);
			buildToolPath = make;
			dependencies = (
			);
			name = Build;
			passBuildSettingsInEnvironment = 1;
			productName = Build;
		};
		29D7019E19E67F1300649898 /* Serial */ = {
			isa = PBXLegacyTarget;
			buildArgumentsString = "serial -C \"$(PROJECT)\"";
			buildConfigurationList = 29D7020219E67F1300649898 /* Build configuration list for PBXLegacyTarget "Serial" */;
			buildPhases = (
			);
			buildToolPath = make;
			dependencies = (
			);
			name = Serial;
			passBuildSettingsInEnvironment = 1;
			productName = Serial;
		};
		29D7019F19E67F1300649898 /* Upload */ = {
			isa = PBXLegacyTarget;
			buildArgumentsString = "upload -C \"$(PROJECT)\"";
			buildConfigurationList = 29D7020519E67F1300649898 /* Build configuration list for PBXLegacyTarget "Upload" */;
			buildPhases = (
			);
			buildToolPath = make;
			dependencies = (
			);
			name = Upload;
			passBuildSettingsInEnvironment = 1;
			productName = Upload;
		};
/* End PBXLegacyTarget section */

/* Begin PBXNativeTarget section */
		29D701A119E67F1300649898 /* Index */ = {
			isa = PBXNativeTarget;
			buildConfigurationList = 29D7020819E67F1300649898 /* Build configuration list for PBXNativeTarget "Index" */;
			buildPhases = (
				29D701A019E67F1300649898 /* Sources */,
			);
			buildRules = (
			);
			dependencies = (
			);
			name = Index;
			productName = Index;
			productReference = 29D701A219E67F1300649898 /* Index */;
			productType = "com.apple.product-type.tool";
		};
/* End PBXNativeTarget section */

/* Begin PBXProject section */
		29D7019819E67F1300649898 /* Project object */ = {
			isa = PBXProject;
			attributes = {
				LastUpgradeCheck = 0600;
				ORGANIZATIONNAME = gr4yscale;
				TargetAttributes = {
					29D7019C19E67F1300649898 = {
						CreatedOnToolsVersion = 6.0.1;
					};
					29D7019D19E67F1300649898 = {
						CreatedOnToolsVersion = 6.0.1;
					};
					29D7019E19E67F1300649898 = {
						CreatedOnToolsVersion = 6.0.1;
					};
					29D7019F19E67F1300649898 = {
						CreatedOnToolsVersion = 6.0.1;
					};
					29D701A119E67F1300649898 = {
						CreatedOnToolsVersion = 6.0.1;
					};
				};
			};
			buildConfigurationList = 29D7019B19E67F1300649898 /* Build configuration list for PBXProject "hippiestick" */;
			compatibilityVersion = "Xcode 3.2";
			developmentRegion = English;
			hasScannedForEncodings = 0;
			knownRegions = (
				en,
			);
			mainGroup = 29D7019719E67F1300649898;
			productRefGroup = 29D701A319E67F1300649898 /* Products */;
			projectDirPath = "";
			projectRoot = "";
			targets = (
				29D7019C19E67F1300649898 /* All */,
				29D7019D19E67F1300649898 /* Build */,
				29D7019E19E67F1300649898 /* Serial */,
				29D7019F19E67F1300649898 /* Upload */,
				29D701A119E67F1300649898 /* Index */,
			);
		};
/* End PBXProject section */

/* Begin PBXSourcesBuildPhase section */
		29D701A019E67F1300649898 /* Sources */ = {
			isa = PBXSourcesBuildPhase;
			buildActionMask = 2147483647;
			files = (
				29D701AB19E67F1300649898 /* Makefile in Sources */,
				29D701A619E67F1300649898 /* main.cpp in Sources */,
				29D701A819E67F1300649898 /* LocalLibrary.cpp in Sources */,
			);
			runOnlyForDeploymentPostprocessing = 0;
		};
/* End PBXSourcesBuildPhase section */

/* Begin XCBuildConfiguration section */
		29D701FA19E67F1300649898 /* Debug */ = {
			isa = XCBuildConfiguration;
			baseConfigurationReference = 29D701D719E67F1300649898 /* Teensy 3.1.xcconfig */;
			buildSettings = {
				ALWAYS_SEARCH_USER_PATHS = NO;
				CLANG_CXX_LANGUAGE_STANDARD = "gnu++0x";
				CLANG_CXX_LIBRARY = "libc++";
				CLANG_ENABLE_MODULES = YES;
				CLANG_ENABLE_OBJC_ARC = YES;
				CLANG_WARN_BOOL_CONVERSION = YES;
				CLANG_WARN_CONSTANT_CONVERSION = YES;
				CLANG_WARN_DIRECT_OBJC_ISA_USAGE = YES_ERROR;
				CLANG_WARN_EMPTY_BODY = YES;
				CLANG_WARN_ENUM_CONVERSION = YES;
				CLANG_WARN_INT_CONVERSION = YES;
				CLANG_WARN_OBJC_ROOT_CLASS = YES_ERROR;
				CLANG_WARN_UNREACHABLE_CODE = YES;
				CLANG_WARN__DUPLICATE_METHOD_MATCH = YES;
				COPY_PHASE_STRIP = NO;
				ENABLE_STRICT_OBJC_MSGSEND = YES;
				GCC_C_LANGUAGE_STANDARD = gnu99;
				GCC_DYNAMIC_NO_PIC = NO;
				GCC_OPTIMIZATION_LEVEL = 0;
				GCC_PREPROCESSOR_DEFINITIONS = (
					"DEBUG=1",
					"$(inherited)",
				);
				GCC_SYMBOLS_PRIVATE_EXTERN = NO;
				GCC_WARN_64_TO_32_BIT_CONVERSION = YES;
				GCC_WARN_ABOUT_RETURN_TYPE = YES_ERROR;
				GCC_WARN_UNDECLARED_SELECTOR = YES;
				GCC_WARN_UNINITIALIZED_AUTOS = YES_AGGRESSIVE;
				GCC_WARN_UNUSED_FUNCTION = YES;
				GCC_WARN_UNUSED_VARIABLE = YES;
				HEADER_SEARCH_PATHS = "$(inherited)";
				MTL_ENABLE_DEBUG_INFO = YES;
				ONLY_ACTIVE_ARCH = YES;
				PATH = "$(PATH):$(PROJECT_DIR)";
				PRODUCT_NAME = "$(TARGET_NAME)";
				SKETCHBOOK_DIR = "";
				SKETCH_EXTENSION = ino;
			};
			name = Debug;
		};
		29D701FB19E67F1300649898 /* Release */ = {
			isa = XCBuildConfiguration;
			buildSettings = {
				ALWAYS_SEARCH_USER_PATHS = NO;
				CLANG_CXX_LANGUAGE_STANDARD = "gnu++0x";
				CLANG_CXX_LIBRARY = "libc++";
				CLANG_ENABLE_MODULES = YES;
				CLANG_ENABLE_OBJC_ARC = YES;
				CLANG_WARN_BOOL_CONVERSION = YES;
				CLANG_WARN_CONSTANT_CONVERSION = YES;
				CLANG_WARN_DIRECT_OBJC_ISA_USAGE = YES_ERROR;
				CLANG_WARN_EMPTY_BODY = YES;
				CLANG_WARN_ENUM_CONVERSION = YES;
				CLANG_WARN_INT_CONVERSION = YES;
				CLANG_WARN_OBJC_ROOT_CLASS = YES_ERROR;
				CLANG_WARN_UNREACHABLE_CODE = YES;
				CLANG_WARN__DUPLICATE_METHOD_MATCH = YES;
				COPY_PHASE_STRIP = YES;
				ENABLE_NS_ASSERTIONS = NO;
				ENABLE_STRICT_OBJC_MSGSEND = YES;
				GCC_C_LANGUAGE_STANDARD = gnu99;
				GCC_WARN_64_TO_32_BIT_CONVERSION = YES;
				GCC_WARN_ABOUT_RETURN_TYPE = YES_ERROR;
				GCC_WARN_UNDECLARED_SELECTOR = YES;
				GCC_WARN_UNINITIALIZED_AUTOS = YES_AGGRESSIVE;
				GCC_WARN_UNUSED_FUNCTION = YES;
				GCC_WARN_UNUSED_VARIABLE = YES;
				HEADER_SEARCH_PATHS = "$(inherited)";
				MTL_ENABLE_DEBUG_INFO = NO;
				PATH = "$(PATH):$(PROJECT_DIR)";
				PRODUCT_NAME = "$(TARGET_NAME)";
				SKETCHBOOK_DIR = "";
				SKETCH_EXTENSION = ino;
			};
			name = Release;
		};
		29D701FD19E67F1300649898 /* Debug */ = {
			isa = XCBuildConfiguration;
			buildSettings = {
				PRODUCT_NAME = "$(TARGET_NAME)";
			};
			name = Debug;
		};
		29D701FE19E67F1300649898 /* Release */ = {
			isa = XCBuildConfiguration;
			buildSettings = {
				PRODUCT_NAME = "$(TARGET_NAME)";
			};
			name = Release;
		};
		29D7020019E67F1300649898 /* Debug */ = {
			isa = XCBuildConfiguration;
			buildSettings = {
			};
			name = Debug;
		};
		29D7020119E67F1300649898 /* Release */ = {
			isa = XCBuildConfiguration;
			buildSettings = {
			};
			name = Release;
		};
		29D7020319E67F1300649898 /* Debug */ = {
			isa = XCBuildConfiguration;
			buildSettings = {
			};
			name = Debug;
		};
		29D7020419E67F1300649898 /* Release */ = {
			isa = XCBuildConfiguration;
			buildSettings = {
			};
			name = Release;
		};
		29D7020619E67F1300649898 /* Debug */ = {
			isa = XCBuildConfiguration;
			buildSettings = {
			};
			name = Debug;
		};
		29D7020719E67F1300649898 /* Release */ = {
			isa = XCBuildConfiguration;
			buildSettings = {
			};
			name = Release;
		};
		29D7020919E67F1300649898 /* Debug */ = {
			isa = XCBuildConfiguration;
			buildSettings = {
			};
			name = Debug;
		};
		29D7020A19E67F1300649898 /* Release */ = {
			isa = XCBuildConfiguration;
			buildSettings = {
			};
			name = Release;
		};
/* End XCBuildConfiguration section */

/* Begin XCConfigurationList section */
		29D7019B19E67F1300649898 /* Build configuration list for PBXProject "hippiestick" */ = {
			isa = XCConfigurationList;
			buildConfigurations = (
				29D701FA19E67F1300649898 /* Debug */,
				29D701FB19E67F1300649898 /* Release */,
			);
			defaultConfigurationIsVisible = 0;
			defaultConfigurationName = Release;
		};
		29D701FC19E67F1300649898 /* Build configuration list for PBXLegacyTarget "All" */ = {
			isa = XCConfigurationList;
			buildConfigurations = (
				29D701FD19E67F1300649898 /* Debug */,
				29D701FE19E67F1300649898 /* Release */,
			);
			defaultConfigurationIsVisible = 0;
		};
		29D701FF19E67F1300649898 /* Build configuration list for PBXLegacyTarget "Build" */ = {
			isa = XCConfigurationList;
			buildConfigurations = (
				29D7020019E67F1300649898 /* Debug */,
				29D7020119E67F1300649898 /* Release */,
			);
			defaultConfigurationIsVisible = 0;
		};
		29D7020219E67F1300649898 /* Build configuration list for PBXLegacyTarget "Serial" */ = {
			isa = XCConfigurationList;
			buildConfigurations = (
				29D7020319E67F1300649898 /* Debug */,
				29D7020419E67F1300649898 /* Release */,
			);
			defaultConfigurationIsVisible = 0;
		};
		29D7020519E67F1300649898 /* Build configuration list for PBXLegacyTarget "Upload" */ = {
			isa = XCConfigurationList;
			buildConfigurations = (
				29D7020619E67F1300649898 /* Debug */,
				29D7020719E67F1300649898 /* Release */,
			);
			defaultConfigurationIsVisible = 0;
		};
		29D7020819E67F1300649898 /* Build configuration list for PBXNativeTarget "Index" */ = {
			isa = XCConfigurationList;
			buildConfigurations = (
				29D7020919E67F1300649898 /* Debug */,
				29D7020A19E67F1300649898 /* Release */,
			);
			defaultConfigurationIsVisible = 0;
		};
/* End XCConfigurationList section */
	};
	rootObject = 29D7019819E67F1300649898 /* Project object */;
}
